
Microsoft Visual Studio Solution File, Format Version 12.00
# Visual Studio Version 17
VisualStudioVersion = 17.0.31912.275
MinimumVisualStudioVersion = 10.0.40219.1
Project("{D954291E-2A0B-460D-934E-DC6B0785DB48}") = "DisplayDevice", "DisplayDevice.shproj", "{3FCD13A8-46D9-4695-861B-8DE442906D40}"
EndProject
Global
	GlobalSection(SharedMSBuildProjectFiles) = preSolution
		DisplayDevice.projitems*{3fcd13a8-46d9-4695-861b-8de442906d40}*SharedItemsImports = 13
	EndGlobalSection
	GlobalSection(SolutionProperties) = preSolution
		HideSolutionNode = FALSE
	EndGlobalSection
	GlobalSection(ExtensibilityGlobals) = postSolution
		SolutionGuid = {15236735-4299-4023-8E1C-CFA915492249}
	EndGlobalSection
EndGlobal
